{
  "lockfile_version": "1",
  "packages": {
    "alsa-lib@latest": {
      "last_modified": "2026-08-27T07:16:00Z",
      "resolved": "github:NixOS/nixpkgs/c27cdad491a991b11ed731760aa2ef8db0cb0410#alsa-lib",
      "source": "devbox-search",
      "version": "1.2.16.1",
      "systems": {
        "aarch64-linux": {
          "outputs": [
            {
              "name": "out",
              "path": "/nix/store/1ph75n0a5n7pkzv1p7jxk7glc0f7288v-alsa-lib-1.2.16.1",
              "default": true
            },
            {
              "name": "dev",
              "path": "/nix/store/wqxg3q72fq6cnqfbyxim82cbm0rgxa5j-alsa-lib-1.2.16.1-dev"
            }
          ],
          "store_path": "/nix/store/1ph75n0a5n7pkzv1p7jxk7glc0f7288v-alsa-lib-1.2.16.1"
        },
        "x86_64-linux": {
          "outputs": [
            {
              "name": "out",
              "path": "/nix/store/gvgz0nm1mwj50k0xd2pr78bx9m5mjxvj-alsa-lib-1.2.16.1",
              "default": true
            },
            {
              "name": "dev",
              "path": "/nix/store/a0wjrqgl2ypixq3iy5l859ziws9n0idq-alsa-lib-1.2.16.1-dev"
            }
          ],
          "store_path": "/nix/store/gvgz0nm1mwj50k0xd2pr78bx9m5mjxvj-alsa-lib-1.2.16.1"
        }
      }
    },
    "curl@latest": {
      "last_modified": "2025-12-05T15:03:55Z",
      "resolved": "github:NixOS/nixpkgs/a672be65651c80d3f592a89b3945466584a22069#curl",
      "source": "devbox-search",
      "version": "8.17.0",
      "systems": {
        "aarch64-darwin": {
          "outputs": [
            {
              "name": "bin",
              "path": "/nix/store/qfwqcndy8bji6xww0gizclf2nqi2qpph-curl-8.17.0-bin",
              "default": true
            },
            {
              "name": "man",
              "path": "/nix/store/rk815zvrhwzbi7c6d589v2mhxzyzb400-curl-8.17.0-man",
              "default": true
            },
            {
              "name": "dev",
              "path": "/nix/store/ydp55g2mbd6rk6lfw0krkk3jwgdiqj5d-curl-8.17.0-dev"
            },
            {
              "name": "devdoc",
              "path": "/nix/store/8s884m82fmrbiyz8malglqc4sd632dkc-curl-8.17.0-devdoc"
            },
            {
              "name": "out",
              "path": "/nix/store/yxv8fxaz0fyhc31dv3rz89kc50zw5hgj-curl-8.17.0"
            }
          ],
          "store_path": "/nix/store/qfwqcndy8bji6xww0gizclf2nqi2qpph-curl-8.17.0-bin"
        },
        "aarch64-linux": {
          "outputs": [
            {
              "name": "bin",
              "path": "/nix/store/4x19j6zihdl6pya63xs8g360f2r614sx-curl-8.17.0-bin",
              "default": true
            },
            {
              "name": "man",
              "path": "/nix/store/b29qbmbfvzkm34k0jnj8ykqg2gzj3rdy-curl-8.17.0-man",
              "default": true
            },
            {
              "name": "debug",
              "path": "/nix/store/5hmbdk99knmbg8b0fzh96bv6bkcf6v5i-curl-8.17.0-debug"
            },
            {
              "name": "dev",
              "path": "/nix/store/iqs9mjscns3h5npgkrhgr5xa7qzwd0si-curl-8.17.0-dev"
            },
            {
              "name": "devdoc",
              "path": "/nix/store/1fwncv08c8g78k3hj3cj375vx92ndrp8-curl-8.17.0-devdoc"
            },
            {
              "name": "out",
              "path": "/nix/store/b0a6qc92vybjiggh0kg387cg0zp3kl6j-curl-8.17.0"
            }
          ],
          "store_path": "/nix/store/4x19j6zihdl6pya63xs8g360f2r614sx-curl-8.17.0-bin"
        },
        "x86_64-darwin": {
          "outputs": [
            {
              "name": "bin",
              "path": "/nix/store/w2336wv560g1n58cwashmmczdn3bfkq1-curl-8.17.0-bin",
              "default": true
            },
            {
              "name": "man",
              "path": "/nix/store/i6xmhcan8g4abda7ivv20nvwxrsssjqj-curl-8.17.0-man",
              "default": true
            },
            {
              "name": "devdoc",
              "path": "/nix/store/ipa7v9z7pjcnnv0fmdya1fldcxv0a28z-curl-8.17.0-devdoc"
            },
            {
              "name": "out",
              "path": "/nix/store/x9gyg634fi8mgcyay9mqa1ral7xg72fm-curl-8.17.0"
            },
            {
              "name": "dev",
              "path": "/nix/store/39zfdgq9kg3mb4sycf8pj4pdssrzki6c-curl-8.17.0-dev"
            }
          ],
          "store_path": "/nix/store/w2336wv560g1n58cwashmmczdn3bfkq1-curl-8.17.0-bin"
        },
        "x86_64-linux": {
          "outputs": [
            {
              "name": "bin",
              "path": "/nix/store/0rfz69vp1nl0q2hxzig20hc60sk72z62-curl-8.17.0-bin",
              "default": true
            },
            {
              "name": "man",
              "path": "/nix/store/ijd0yybyzwm98d3q6x7a9cyixgxk0i5d-curl-8.17.0-man",
              "default": true
            },
            {
              "name": "debug",
              "path": "/nix/store/h1fxw0xrifxvbhcp7b8hxsgirxxxfzav-curl-8.17.0-debug"
            },
            {
              "name": "dev",
              "path": "/nix/store/ikmdk37frjdblkba3wl3xws2wwgln17x-curl-8.17.0-dev"
            },
            {
              "name": "devdoc",
              "path": "/nix/store/jm6irg81cc0hqg43l39lkxr6pb0w2xk5-curl-8.17.0-devdoc"
            },
            {
              "name": "out",
              "path": "/nix/store/8idis3j5l13c3x74jl8xly0k4qyk9mx6-curl-8.17.0"
            }
          ],
          "store_path": "/nix/store/0rfz69vp1nl0q2hxzig20hc60sk72z62-curl-8.17.0-bin"
        }
      }
    },
    "fontconfig@latest": {
      "last_modified": "2026-08-29T00:50:12Z",
      "resolved": "github:NixOS/nixpkgs/e8be7818e19ada32105a8af937a6a473b38167ca#fontconfig",
      "source": "devbox-search",
      "version": "2.18.2",
      "systems": {
        "aarch64-darwin": {
          "outputs": [
            {
              "name": "bin",
              "path": "/nix/store/nqysidl8dzq30nxnqfj5h4xjgxi333m3-fontconfig-2.18.2-bin",
              "default": true
            },
            {
              "name": "dev",
              "path": "/nix/store/sdb502rn5gv1qf1bvwznmp5zp9jn2lvs-fontconfig-2.18.2-dev"
            },
            {
              "name": "lib",
              "path": "/nix/store/0myrip6l3dyj4vjhr38i590mns08xvzc-fontconfig-2.18.2-lib"
            },
            {
              "name": "out",
              "path": "/nix/store/k5d9w5hd7n7sn85sz2b0hzky3hxb1dc0-fontconfig-2.18.2"
            }
          ],
          "store_path": "/nix/store/nqysidl8dzq30nxnqfj5h4xjgxi333m3-fontconfig-2.18.2-bin"
        },
        "aarch64-linux": {
          "outputs": [
            {
              "name": "bin",
              "path": "/nix/store/vsz5rzfzvjlwzaiv48brly2n4jwp7gjw-fontconfig-2.18.2-bin",
              "default": true
            },
            {
              "name": "lib",
              "path": "/nix/store/pfw3851d34mxqx7ysz7lv7lx17r78jf5-fontconfig-2.18.2-lib"
            },
            {
              "name": "out",
              "path": "/nix/store/69w8pn766sbaj956mmn5h4ggn9s50az4-fontconfig-2.18.2"
            },
            {
              "name": "dev",
              "path": "/nix/store/cp330nldfrj6z2vp6cyqqddghbwsb60j-fontconfig-2.18.2-dev"
            }
          ],
          "store_path": "/nix/store/vsz5rzfzvjlwzaiv48brly2n4jwp7gjw-fontconfig-2.18.2-bin"
        },
        "x86_64-linux": {
          "outputs": [
            {
              "name": "bin",
              "path": "/nix/store/122fcxcqy3ay3jkm3fa2bav0vb8mgdjy-fontconfig-2.18.2-bin",
              "default": true
            },
            {
              "name": "dev",
              "path": "/nix/store/vwlb36mv7jbar7y76l7kilvln04xqf6n-fontconfig-2.18.2-dev"
            },
            {
              "name": "lib",
              "path": "/nix/store/iv0yvsywa1v35xzdkqz9wdzhg7vshpdd-fontconfig-2.18.2-lib"
            },
            {
              "name": "out",
              "path": "/nix/store/qdbcjg7j3rxr1bvh1qhldk5aqjz7vlx6-fontconfig-2.18.2"
            }
          ],
          "store_path": "/nix/store/122fcxcqy3ay3jkm3fa2bav0vb8mgdjy-fontconfig-2.18.2-bin"
        }
      }
    },
    "github:NixOS/nixpkgs/nixpkgs-unstable": {
      "last_modified": "2026-09-10T03:47:09Z",
      "resolved": "github:NixOS/nixpkgs/d5dfd8e6716dde34398bc14bc87c10dece9c8c68?lastModified=1789012029&narHash=sha256-1CBkBf%2BNhggykzlx0jvXrj5rk20btl%2BtK8Fa8Ml%2FBL4%3D"
    },
    "jq@latest": {
      "last_modified": "2026-08-29T00:50:12Z",
      "resolved": "github:NixOS/nixpkgs/e8be7818e19ada32105a8af937a6a473b38167ca#jq",
      "source": "devbox-search",
      "version": "1.8.2",
      "systems": {
        "aarch64-darwin": {
          "outputs": [
            {
              "name": "bin",
              "path": "/nix/store/d01nk4ck93bwlzwbnnb1qf1kv4d94a09-jq-1.8.2-bin",
              "default": true
            },
            {
              "name": "man",
              "path": "/nix/store/s1d0597z830wrhza2g5b6i9a4a0jis8a-jq-1.8.2-man",
              "default": true
            },
            {
              "name": "out",
              "path": "/nix/store/bpfcs06n720irpzril2mh6z59ddafhzx-jq-1.8.2"
            },
            {
              "name": "dev",
              "path": "/nix/store/mf170p9ynrn0g7s5i8kw655i1q4dxl6y-jq-1.8.2-dev"
            },
            {
              "name": "doc",
              "path": "/nix/store/bhalwqvdympjhs6gj584d29bga0l8q3s-jq-1.8.2-doc"
            }
          ],
          "store_path": "/nix/store/d01nk4ck93bwlzwbnnb1qf1kv4d94a09-jq-1.8.2-bin"
        },
        "aarch64-linux": {
          "outputs": [
            {
              "name": "bin",
              "path": "/nix/store/hrr6n4qkb2j2rqh7a1jda0yc9gpa8h4d-jq-1.8.2-bin",
              "default": true
            },
            {
              "name": "man",
              "path": "/nix/store/y3rq55wvfwpfy45nmz6yc2vxgcr1zns5-jq-1.8.2-man",
              "default": true
            },
            {
              "name": "dev",
              "path": "/nix/store/xi52wx9sndkrrzp5wy2d8nrw1hysm8hc-jq-1.8.2-dev"
            },
            {
              "name": "doc",
              "path": "/nix/store/frrdd4c55msxdrd3fmyadyry5dwnnysd-jq-1.8.2-doc"
            },
            {
              "name": "out",
              "path": "/nix/store/qjpdggb1lyay7wv5a0p9j9cvj9y3j2a6-jq-1.8.2"
            }
          ],
          "store_path": "/nix/store/hrr6n4qkb2j2rqh7a1jda0yc9gpa8h4d-jq-1.8.2-bin"
        },
        "x86_64-linux": {
          "outputs": [
            {
              "name": "bin",
              "path": "/nix/store/xvd6920kffyyshg7mbw5wvfk6lg9wfkl-jq-1.8.2-bin",
              "default": true
            },
            {
              "name": "man",
              "path": "/nix/store/n36fiv9a8p19bcj6cyjfgmb0l9s55qfn-jq-1.8.2-man",
              "default": true
            },
            {
              "name": "dev",
              "path": "/nix/store/qavm4f7d2wm4s9v1ck90n200y20x95fm-jq-1.8.2-dev"
            },
            {
              "name": "doc",
              "path": "/nix/store/2ga5gcahn4vr0b5fmlinxbz1w2m4qm5g-jq-1.8.2-doc"
            },
            {
              "name": "out",
              "path": "/nix/store/d91mwgs15hv4ajza7jn6axyiwa07ga7m-jq-1.8.2"
            }
          ],
          "store_path": "/nix/store/xvd6920kffyyshg7mbw5wvfk6lg9wfkl-jq-1.8.2-bin"
        }
      }
    },
    "libxkbcommon@latest": {
      "last_modified": "2026-08-29T00:50:12Z",
      "resolved": "github:NixOS/nixpkgs/e8be7818e19ada32105a8af937a6a473b38167ca#libxkbcommon",
      "source": "devbox-search",
      "version": "1.13.2",
      "systems": {
        "aarch64-darwin": {
          "outputs": [
            {
              "name": "out",
              "path": "/nix/store/k2jakkx3izi16bfjf4nsc3gy8mmcx1s2-libxkbcommon-1.13.2",
              "default": true
            },
            {
              "name": "dev",
              "path": "/nix/store/47bnjjiyv0pv114y5g4rgr37mn5sm1s4-libxkbcommon-1.13.2-dev"
            },
            {
              "name": "doc",
              "path": "/nix/store/snkdpaf0i5mdas2rg5dmv3g98v3cj5pk-libxkbcommon-1.13.2-doc"
            }
          ],
          "store_path": "/nix/store/k2jakkx3izi16bfjf4nsc3gy8mmcx1s2-libxkbcommon-1.13.2"
        },
        "aarch64-linux": {
          "outputs": [
            {
              "name": "out",
              "path": "/nix/store/wip1l5jxkcq42vg9lliwcx126s2yj5r2-libxkbcommon-1.13.2",
              "default": true
            },
            {
              "name": "dev",
              "path": "/nix/store/jvdab1acw6mmzdj27ck9wk6vmsravmk5-libxkbcommon-1.13.2-dev"
            },
            {
              "name": "doc",
              "path": "/nix/store/pc96jy6yj4ab8g8d2kki2916xhhhd8py-libxkbcommon-1.13.2-doc"
            }
          ],
          "store_path": "/nix/store/wip1l5jxkcq42vg9lliwcx126s2yj5r2-libxkbcommon-1.13.2"
        },
        "x86_64-linux": {
          "outputs": [
            {
              "name": "out",
              "path": "/nix/store/yk95z4hjlzdk418px0fc797qszccfj5p-libxkbcommon-1.13.2",
              "default": true
            },
            {
              "name": "dev",
              "path": "/nix/store/1sqzajgcm7nk3knr8y2ygdxgsicrh72x-libxkbcommon-1.13.2-dev"
            },
            {
              "name": "doc",
              "path": "/nix/store/6aczb0zxaq7sg98g1nv05b5dhjxaiqxq-libxkbcommon-1.13.2-doc"
            }
          ],
          "store_path": "/nix/store/yk95z4hjlzdk418px0fc797qszccfj5p-libxkbcommon-1.13.2"
        }
      }
    },
    "openssl@latest": {
      "last_modified": "2025-12-05T06:24:47Z",
      "resolved": "github:NixOS/nixpkgs/42e29df35be6ef54091d3a3b4e97056ce0a98ce8#openssl",
      "source": "devbox-search",
      "version": "3.6.0",
      "systems": {
        "aarch64-darwin": {
          "outputs": [
            {
              "name": "bin",
              "path": "/nix/store/z9prisxci5h5lsk3rdknd4jzq7k9q13d-openssl-3.6.0-bin",
              "default": true
            },
            {
              "name": "man",
              "path": "/nix/store/ii9mnzr3i92mgk9dkgg65739mavd0j6f-openssl-3.6.0-man",
              "default": true
            },
            {
              "name": "dev",
              "path": "/nix/store/h0qgqik0mk0wn7rmm2kk3grfi1wzly74-openssl-3.6.0-dev"
            },
            {
              "name": "doc",
              "path": "/nix/store/yx3ip21fdaaxpjn5fbir02mqnaw9cm4f-openssl-3.6.0-doc"
            },
            {
              "name": "out",
              "path": "/nix/store/3z54dgks2mz3dhwddj158sdibll8xmq5-openssl-3.6.0"
            }
          ],
          "store_path": "/nix/store/z9prisxci5h5lsk3rdknd4jzq7k9q13d-openssl-3.6.0-bin"
        },
        "aarch64-linux": {
          "outputs": [
            {
              "name": "bin",
              "path": "/nix/store/wb6q44n9kcb5acmaa4rgqsajadx1fhhl-openssl-3.6.0-bin",
              "default": true
            },
            {
              "name": "man",
              "path": "/nix/store/c9n1alb7ypzjvzd47m16fiwfczz23qs3-openssl-3.6.0-man",
              "default": true
            },
            {
              "name": "debug",
              "path": "/nix/store/ci6d4k1sj4bnr892lsrqqmjiihqsk0bl-openssl-3.6.0-debug"
            },
            {
              "name": "dev",
              "path": "/nix/store/pq8b7fb3282g68pmk14mbyi20qn6chid-openssl-3.6.0-dev"
            },
            {
              "name": "doc",
              "path": "/nix/store/vaplp6w56dyz38986bgkf0pbg3r486b2-openssl-3.6.0-doc"
            },
            {
              "name": "out",
              "path": "/nix/store/nj50gkyx813dxvfmsg1q8m330hmf3h86-openssl-3.6.0"
            }
          ],
          "store_path": "/nix/store/wb6q44n9kcb5acmaa4rgqsajadx1fhhl-openssl-3.6.0-bin"
        },
        "x86_64-darwin": {
          "outputs": [
            {
              "name": "bin",
              "path": "/nix/store/m3xwn9n0jypwjgi256idfzs979g30j29-openssl-3.6.0-bin",
              "default": true
            },
            {
              "name": "man",
              "path": "/nix/store/hw43f3y1vl7ydrd4samnwnrwqqwkpisv-openssl-3.6.0-man",
              "default": true
            },
            {
              "name": "dev",
              "path": "/nix/store/dirjrfjk8jgsbdpslgb51cav6qaxn2vm-openssl-3.6.0-dev"
            },
            {
              "name": "doc",
              "path": "/nix/store/va1zhkz0nfmycvd0h239hi4w40qgaxcx-openssl-3.6.0-doc"
            },
            {
              "name": "out",
              "path": "/nix/store/q9a4wssx24xsy28w8kifdqizc01fh7sc-openssl-3.6.0"
            }
          ],
          "store_path": "/nix/store/m3xwn9n0jypwjgi256idfzs979g30j29-openssl-3.6.0-bin"
        },
        "x86_64-linux": {
          "outputs": [
            {
              "name": "bin",
              "path": "/nix/store/k0gl1zc7f5hk87lylxwbipb0b870bcmk-openssl-3.6.0-bin",
              "default": true
            },
            {
              "name": "man",
              "path": "/nix/store/a9jdl6xq9fc98ykpvqmc9kf0b0j9y8wh-openssl-3.6.0-man",
              "default": true
            },
            {
              "name": "debug",
              "path": "/nix/store/sqv8kbdgfxlr2d6nysr8c2715qpsi6f5-openssl-3.6.0-debug"
            },
            {
              "name": "dev",
              "path": "/nix/store/ydrckgnllgg8nmhdwni81h7xhcpnrlhd-openssl-3.6.0-dev"
            },
            {
              "name": "doc",
              "path": "/nix/store/cgp9ig35iwicfb9spcrgyg2m5dmlcgrv-openssl-3.6.0-doc"
            },
            {
              "name": "out",
              "path": "/nix/store/61i74yjkj9p1qphfl7018ja4sdwkipx0-openssl-3.6.0"
            }
          ],
          "store_path": "/nix/store/k0gl1zc7f5hk87lylxwbipb0b870bcmk-openssl-3.6.0-bin"
        }
      }
    },
    "pkg-config@latest": {
      "last_modified": "2025-11-23T21:50:36Z",
      "resolved": "github:NixOS/nixpkgs/ee09932cedcef15aaf476f9343d1dea2cb77e261#pkg-config",
      "source": "devbox-search",
      "version": "0.29.2",
      "systems": {
        "aarch64-darwin": {
          "outputs": [
            {
              "name": "out",
              "path": "/nix/store/hygaaqwk9ylklp0ybwppqhw75nz8ya41-pkg-config-wrapper-0.29.2",
              "default": true
            },
            {
              "name": "man",
              "path": "/nix/store/9px0sji43x3r2w4zxl3j3idwsql7lwxx-pkg-config-wrapper-0.29.2-man",
              "default": true
            },
            {
              "name": "doc",
              "path": "/nix/store/hqk44ra6qxw7iixardl6c3hdgb9kq6ns-pkg-config-wrapper-0.29.2-doc"
            }
          ],
          "store_path": "/nix/store/hygaaqwk9ylklp0ybwppqhw75nz8ya41-pkg-config-wrapper-0.29.2"
        },
        "aarch64-linux": {
          "outputs": [
            {
              "name": "out",
              "path": "/nix/store/lbiigi8qbp7mzf1lpr7p982l1kyf01ql-pkg-config-wrapper-0.29.2",
              "default": true
            },
            {
              "name": "man",
              "path": "/nix/store/10060k24qggqyzlwdsfmni9y32zxcg0j-pkg-config-wrapper-0.29.2-man",
              "default": true
            },
            {
              "name": "doc",
              "path": "/nix/store/0y4v51ndpyvkj09hwlfqkz0c3h17zfmc-pkg-config-wrapper-0.29.2-doc"
            }
          ],
          "store_path": "/nix/store/lbiigi8qbp7mzf1lpr7p982l1kyf01ql-pkg-config-wrapper-0.29.2"
        },
        "x86_64-darwin": {
          "outputs": [
            {
              "name": "out",
              "path": "/nix/store/vknadizq0q5kffvx6y4379p9gdry9zq3-pkg-config-wrapper-0.29.2",
              "default": true
            },
            {
              "name": "man",
              "path": "/nix/store/1nyspra675q22gfhf7hn2nmfpi6rgim5-pkg-config-wrapper-0.29.2-man",
              "default": true
            },
            {
              "name": "doc",
              "path": "/nix/store/7lq1axxwrafwljs06n88bzyz9w523rkc-pkg-config-wrapper-0.29.2-doc"
            }
          ],
          "store_path": "/nix/store/vknadizq0q5kffvx6y4379p9gdry9zq3-pkg-config-wrapper-0.29.2"
        },
        "x86_64-linux": {
          "outputs": [
            {
              "name": "out",
              "path": "/nix/store/8vdiwpbh0g4avsd6x5v4s0di32vcl3dp-pkg-config-wrapper-0.29.2",
              "default": true
            },
            {
              "name": "man",
              "path": "/nix/store/j9xfpnrygg3v37svc5pfin9q5bm49r94-pkg-config-wrapper-0.29.2-man",
              "default": true
            },
            {
              "name": "doc",
              "path": "/nix/store/x3bypxdxaq20kykybhkf21x4jczsiy8y-pkg-config-wrapper-0.29.2-doc"
            }
          ],
          "store_path": "/nix/store/8vdiwpbh0g4avsd6x5v4s0di32vcl3dp-pkg-config-wrapper-0.29.2"
        }
      }
    },
    "python3@latest": {
      "last_modified": "2025-01-06T03:40:18Z",
      "plugin_version": "0.0.5",
      "resolved": "github:NixOS/nixpkgs/3df3c47c19dc90fec35359e89ffb52b34d2b0e94#python3",
      "source": "devbox-search",
      "version": "3.12.8",
      "systems": {
        "aarch64-darwin": {
          "outputs": [
            {
              "name": "out",
              "path": "/nix/store/8zc3wcplydp8gsxms24scpzdca438dk5-python3-3.12.8",
              "default": true
            }
          ],
          "store_path": "/nix/store/8zc3wcplydp8gsxms24scpzdca438dk5-python3-3.12.8"
        },
        "aarch64-linux": {
          "outputs": [
            {
              "name": "out",
              "path": "/nix/store/66pn6ysmvx675061xaq2vz93s9vdc5p4-python3-3.12.8",
              "default": true
            },
            {
              "name": "debug",
              "path": "/nix/store/brcg3a34fi45ffky63g5pqd22sksvq13-python3-3.12.8-debug"
            }
          ],
          "store_path": "/nix/store/66pn6ysmvx675061xaq2vz93s9vdc5p4-python3-3.12.8"
        },
        "x86_64-darwin": {
          "outputs": [
            {
              "name": "out",
              "path": "/nix/store/fpmkmdzgd1q7kqadc7czcjdhjj7bsc0i-python3-3.12.8",
              "default": true
            }
          ],
          "store_path": "/nix/store/fpmkmdzgd1q7kqadc7czcjdhjj7bsc0i-python3-3.12.8"
        },
        "x86_64-linux": {
          "outputs": [
            {
              "name": "out",
              "path": "/nix/store/c9m6yd8fg1flz2j5r4bif1ib5j20a0cy-python3-3.12.8",
              "default": true
            },
            {
              "name": "debug",
              "path": "/nix/store/cicfrcjr8pky8qd0gxw0x84ynyviy6b5-python3-3.12.8-debug"
            }
          ],
          "store_path": "/nix/store/c9m6yd8fg1flz2j5r4bif1ib5j20a0cy-python3-3.12.8"
        }
      }
    },
    "rustup@latest": {
      "last_modified": "2026-08-27T07:16:00Z",
      "plugin_version": "0.0.1",
      "resolved": "github:NixOS/nixpkgs/c27cdad491a991b11ed731760aa2ef8db0cb0410#rustup",
      "source": "devbox-search",
      "version": "1.29.0",
      "systems": {
        "aarch64-darwin": {
          "outputs": [
            {
              "name": "out",
              "path": "/nix/store/1x8jzaxfv0bak76xkr5li258cal51n99-rustup-1.29.0",
              "default": true
            }
          ],
          "store_path": "/nix/store/1x8jzaxfv0bak76xkr5li258cal51n99-rustup-1.29.0"
        },
        "aarch64-linux": {
          "outputs": [
            {
              "name": "out",
              "path": "/nix/store/iwq43bwclkay14x5x5bfj955ffphaqff-rustup-1.29.0",
              "default": true
            }
          ],
          "store_path": "/nix/store/iwq43bwclkay14x5x5bfj955ffphaqff-rustup-1.29.0"
        },
        "x86_64-darwin": {
          "outputs": [
            {
              "name": "out",
              "path": "/nix/store/lvm2155pfw1b3a9g8cij5g7vx2dk4v9f-rustup-1.29.0",
              "default": true
            }
          ],
          "store_path": "/nix/store/lvm2155pfw1b3a9g8cij5g7vx2dk4v9f-rustup-1.29.0"
        },
        "x86_64-linux": {
          "outputs": [
            {
              "name": "out",
              "path": "/nix/store/cdgc1rh9s22n5i5cgr96vda0pjx1xg3x-rustup-1.29.0",
              "default": true
            }
          ],
          "store_path": "/nix/store/cdgc1rh9s22n5i5cgr96vda0pjx1xg3x-rustup-1.29.0"
        }
      }
    },
    "vulkan-loader@latest": {
      "last_modified": "2026-08-27T07:16:00Z",
      "resolved": "github:NixOS/nixpkgs/c27cdad491a991b11ed731760aa2ef8db0cb0410#vulkan-loader",
      "source": "devbox-search",
      "version": "1.4.357.0",
      "systems": {
        "aarch64-darwin": {
          "outputs": [
            {
              "name": "out",
              "path": "/nix/store/hwszjc3d5iw6j5818mxv5kqfds3v5p6g-vulkan-loader-1.4.357.0",
              "default": true
            },
            {
              "name": "dev",
              "path": "/nix/store/3knqdqp1vvqz5l2qm9db45r9m3ix6p5i-vulkan-loader-1.4.357.0-dev"
            }
          ],
          "store_path": "/nix/store/hwszjc3d5iw6j5818mxv5kqfds3v5p6g-vulkan-loader-1.4.357.0"
        },
        "aarch64-linux": {
          "outputs": [
            {
              "name": "out",
              "path": "/nix/store/rhn2xijdkgc6l3aaiza6bmlylab49hcg-vulkan-loader-1.4.357.0",
              "default": true
            },
            {
              "name": "dev",
              "path": "/nix/store/rapq0v155vibwms7460fmnkqkkc92f0m-vulkan-loader-1.4.357.0-dev"
            }
          ],
          "store_path": "/nix/store/rhn2xijdkgc6l3aaiza6bmlylab49hcg-vulkan-loader-1.4.357.0"
        },
        "x86_64-linux": {
          "outputs": [
            {
              "name": "out",
              "path": "/nix/store/lk4614327cn1h9z3m6cvnls95n13m1cj-vulkan-loader-1.4.357.0",
              "default": true
            },
            {
              "name": "dev",
              "path": "/nix/store/v3cjb49fng33cddf41nj18z5idlkj86a-vulkan-loader-1.4.357.0-dev"
            }
          ],
          "store_path": "/nix/store/lk4614327cn1h9z3m6cvnls95n13m1cj-vulkan-loader-1.4.357.0"
        }
      }
    },
    "wayland@latest": {
      "last_modified": "2024-02-27T21:28:27Z",
      "resolved": "github:NixOS/nixpkgs/9c1ea5e3a2a2578792438cba233f2763593e19c5#wayland",
      "source": "devbox-search",
      "version": "1.22.0",
      "systems": {
        "aarch64-darwin": {
          "outputs": [
            {
              "name": "out",
              "path": "/nix/store/ns4qdjmwc87mbs5n12jzhlqa9snp89vc-wayland-1.22.0",
              "default": true
            },
            {
              "name": "bin",
              "path": "/nix/store/bgc8cb6fhzcqhrysnd8nnl0i01wj9lq4-wayland-1.22.0-bin",
              "default": true
            },
            {
              "name": "man",
              "path": "/nix/store/66c9hlp28447116i9d9qrb465w469y83-wayland-1.22.0-man",
              "default": true
            },
            {
              "name": "dev",
              "path": "/nix/store/4693jpvgd2g244cqrm7rg9av5iq6iy1q-wayland-1.22.0-dev"
            },
            {
              "name": "doc",
              "path": "/nix/store/x3vaglx0pzzwi9v9wlh363x8jrjpz7nj-wayland-1.22.0-doc"
            }
          ],
          "store_path": "/nix/store/ns4qdjmwc87mbs5n12jzhlqa9snp89vc-wayland-1.22.0"
        },
        "aarch64-linux": {
          "outputs": [
            {
              "name": "out",
              "path": "/nix/store/gcr9a5isz94v8yqy0awkp60kvrmyjz2q-wayland-1.22.0",
              "default": true
            },
            {
              "name": "bin",
              "path": "/nix/store/rh9qw8jafrqhhf22nsxgjs9906c4kcwn-wayland-1.22.0-bin",
              "default": true
            },
            {
              "name": "man",
              "path": "/nix/store/vcg0c0nsjl2ab6nibd5ylrm6h4vm3kjb-wayland-1.22.0-man",
              "default": true
            },
            {
              "name": "debug",
              "path": "/nix/store/3zxsyhm8jawsm065vv07d7yyik6lx007-wayland-1.22.0-debug"
            },
            {
              "name": "dev",
              "path": "/nix/store/q8drxp02jnram001qi9fafl3h4p6iyj4-wayland-1.22.0-dev"
            },
            {
              "name": "doc",
              "path": "/nix/store/a5g1jw4d4rdhbfr7pc0dgmw3f2wmd3qz-wayland-1.22.0-doc"
            }
          ],
          "store_path": "/nix/store/gcr9a5isz94v8yqy0awkp60kvrmyjz2q-wayland-1.22.0"
        },
        "x86_64-darwin": {
          "outputs": [
            {
              "name": "out",
              "path": "/nix/store/q887ihbxl86mik8qqrgcgw5cc5m4i0bw-wayland-1.22.0",
              "default": true
            },
            {
              "name": "bin",
              "path": "/nix/store/xd37l5k0fijjcvq6lgxsgf7r46m6w5xi-wayland-1.22.0-bin",
              "default": true
            },
            {
              "name": "man",
              "path": "/nix/store/knars8m06rk3974xwbzg9h6hy491m4sr-wayland-1.22.0-man",
              "default": true
            },
            {
              "name": "dev",
              "path": "/nix/store/d3zdxys11569ds97rl6py85lvgjj518z-wayland-1.22.0-dev"
            },
            {
              "name": "doc",
              "path": "/nix/store/apdk29lsyzvwdmm917wacfin84gxkk5j-wayland-1.22.0-doc"
            }
          ],
          "store_path": "/nix/store/q887ihbxl86mik8qqrgcgw5cc5m4i0bw-wayland-1.22.0"
        },
        "x86_64-linux": {
          "outputs": [
            {
              "name": "out",
              "path": "/nix/store/1iixlnbx1rh7mrwdr5javns99cylgikr-wayland-1.22.0",
              "default": true
            },
            {
              "name": "bin",
              "path": "/nix/store/yy6nwcb3k3bx1rv77n4qjgj7gdmnlk5b-wayland-1.22.0-bin",
              "default": true
            },
            {
              "name": "man",
              "path": "/nix/store/wq494a2q01l1180w6v0830ynkrr8b715-wayland-1.22.0-man",
              "default": true
            },
            {
              "name": "debug",
              "path": "/nix/store/z3haqb1cnap3kjrlg3cbss654n7nalw5-wayland-1.22.0-debug"
            },
            {
              "name": "dev",
              "path": "/nix/store/13ay8131gj00mjz9vmg37ypqyb5pppms-wayland-1.22.0-dev"
            },
            {
              "name": "doc",
              "path": "/nix/store/gq8332f52nb3nxyyfybzsjhrlb2rwqff-wayland-1.22.0-doc"
            }
          ],
          "store_path": "/nix/store/1iixlnbx1rh7mrwdr5javns99cylgikr-wayland-1.22.0"
        }
      }
    }
  }
}
